
Microsoft Visual Studio Solution File, Format Version 12.00
# Visual Studio Version 17
VisualStudioVersion = 17.2.32526.322
MinimumVisualStudioVersion = 10.0.40219.1
Project("{FAE04EC0-301F-11D3-BF4B-00C04F79EFBC}") = "point", "point\point.csproj", "{0C33B9BE-62C7-4B8E-9FA5-17A09541E961}"
EndProject
Global
	GlobalSection(SolutionConfigurationPlatforms) = preSolution
		Debug|Any CPU = Debug|Any CPU
		Release|Any CPU = Release|Any CPU
	EndGlobalSection
	GlobalSection(ProjectConfigurationPlatforms) = postSolution
		{0C33B9BE-62C7-4B8E-9FA5-17A09541E961}.Debug|Any CPU.ActiveCfg = Debug|Any CPU
		{0C33B9BE-62C7-4B8E-9FA5-17A09541E961}.Debug|Any CPU.Build.0 = Debug|Any CPU
		{0C33B9BE-62C7-4B8E-9FA5-17A09541E961}.Release|Any CPU.ActiveCfg = Release|Any CPU
		{0C33B9BE-62C7-4B8E-9FA5-17A09541E961}.Release|Any CPU.Build.0 = Release|Any CPU
	EndGlobalSection
	GlobalSection(SolutionProperties) = preSolution
		HideSolutionNode = FALSE
	EndGlobalSection
	GlobalSection(ExtensibilityGlobals) = postSolution
		SolutionGuid = {0473BFA8-7B1C-42AE-807F-C5C0849B6C83}
	EndGlobalSection
EndGlobal
